
Microsoft Visual Studio Solution File, Format Version 12.00
# Visual Studio 2012
Project("{FAE04EC0-301F-11D3-BF4B-00C04F79EFBC}") = "ConsoleApplication6", "ConsoleApplication6\ConsoleApplication6.csproj", "{D3243FC1-48E9-48DD-9954-05C045D7428C}"
EndProject
Global
	GlobalSection(SolutionConfigurationPlatforms) = preSolution
		Debug|Any CPU = Debug|Any CPU
		Release|Any CPU = Release|Any CPU
	EndGlobalSection
	GlobalSection(ProjectConfigurationPlatforms) = postSolution
		{D3243FC1-48E9-48DD-9954-05C045D7428C}.Debug|Any CPU.ActiveCfg = Debug|Any CPU
		{D3243FC1-48E9-48DD-9954-05C045D7428C}.Debug|Any CPU.Build.0 = Debug|Any CPU
		{D3243FC1-48E9-48DD-9954-05C045D7428C}.Release|Any CPU.ActiveCfg = Release|Any CPU
		{D3243FC1-48E9-48DD-9954-05C045D7428C}.Release|Any CPU.Build.0 = Release|Any CPU
	EndGlobalSection
	GlobalSection(SolutionProperties) = preSolution
		HideSolutionNode = FALSE
	EndGlobalSection
EndGlobal
